
Microsoft Visual Studio Solution File, Format Version 12.00
# Visual Studio 15
VisualStudioVersion = 15.0.26124.0
MinimumVisualStudioVersion = 15.0.26124.0
Project("{2150E333-8FDC-42A3-9474-1A3956D46DE8}") = "services", "services", "{6DD0110C-A435-4149-A324-0D53AC32AC8B}"
EndProject
Project("{FAE04EC0-301F-11D3-BF4B-00C04F79EFBC}") = "Person.api", "services\Person.api\Person.api.csproj", "{2AF88258-710C-4184-B69A-6875515D365E}"
EndProject
Project("{FAE04EC0-301F-11D3-BF4B-00C04F79EFBC}") = "Message.api", "services\Message.api\Message.api.csproj", "{EC857239-419A-40DD-862D-62C128C58BB3}"
EndProject
Project("{2150E333-8FDC-42A3-9474-1A3956D46DE8}") = "Gateway", "Gateway", "{B390144D-BB03-44FF-B4E2-382A881664E0}"
EndProject
Global
	GlobalSection(SolutionConfigurationPlatforms) = preSolution
		Debug|Any CPU = Debug|Any CPU
		Debug|x64 = Debug|x64
		Debug|x86 = Debug|x86
		Release|Any CPU = Release|Any CPU
		Release|x64 = Release|x64
		Release|x86 = Release|x86
	EndGlobalSection
	GlobalSection(SolutionProperties) = preSolution
		HideSolutionNode = FALSE
	EndGlobalSection
	GlobalSection(ProjectConfigurationPlatforms) = postSolution
		{2AF88258-710C-4184-B69A-6875515D365E}.Debug|Any CPU.ActiveCfg = Debug|Any CPU
		{2AF88258-710C-4184-B69A-6875515D365E}.Debug|Any CPU.Build.0 = Debug|Any CPU
		{2AF88258-710C-4184-B69A-6875515D365E}.Debug|x64.ActiveCfg = Debug|Any CPU
		{2AF88258-710C-4184-B69A-6875515D365E}.Debug|x64.Build.0 = Debug|Any CPU
		{2AF88258-710C-4184-B69A-6875515D365E}.Debug|x86.ActiveCfg = Debug|Any CPU
		{2AF88258-710C-4184-B69A-6875515D365E}.Debug|x86.Build.0 = Debug|Any CPU
		{2AF88258-710C-4184-B69A-6875515D365E}.Release|Any CPU.ActiveCfg = Release|Any CPU
		{2AF88258-710C-4184-B69A-6875515D365E}.Release|Any CPU.Build.0 = Release|Any CPU
		{2AF88258-710C-4184-B69A-6875515D365E}.Release|x64.ActiveCfg = Release|Any CPU
		{2AF88258-710C-4184-B69A-6875515D365E}.Release|x64.Build.0 = Release|Any CPU
		{2AF88258-710C-4184-B69A-6875515D365E}.Release|x86.ActiveCfg = Release|Any CPU
		{2AF88258-710C-4184-B69A-6875515D365E}.Release|x86.Build.0 = Release|Any CPU
		{EC857239-419A-40DD-862D-62C128C58BB3}.Debug|Any CPU.ActiveCfg = Debug|Any CPU
		{EC857239-419A-40DD-862D-62C128C58BB3}.Debug|Any CPU.Build.0 = Debug|Any CPU
		{EC857239-419A-40DD-862D-62C128C58BB3}.Debug|x64.ActiveCfg = Debug|Any CPU
		{EC857239-419A-40DD-862D-62C128C58BB3}.Debug|x64.Build.0 = Debug|Any CPU
		{EC857239-419A-40DD-862D-62C128C58BB3}.Debug|x86.ActiveCfg = Debug|Any CPU
		{EC857239-419A-40DD-862D-62C128C58BB3}.Debug|x86.Build.0 = Debug|Any CPU
		{EC857239-419A-40DD-862D-62C128C58BB3}.Release|Any CPU.ActiveCfg = Release|Any CPU
		{EC857239-419A-40DD-862D-62C128C58BB3}.Release|Any CPU.Build.0 = Release|Any CPU
		{EC857239-419A-40DD-862D-62C128C58BB3}.Release|x64.ActiveCfg = Release|Any CPU
		{EC857239-419A-40DD-862D-62C128C58BB3}.Release|x64.Build.0 = Release|Any CPU
		{EC857239-419A-40DD-862D-62C128C58BB3}.Release|x86.ActiveCfg = Release|Any CPU
		{EC857239-419A-40DD-862D-62C128C58BB3}.Release|x86.Build.0 = Release|Any CPU
		{239BFBCB-F408-45D6-9210-5F719BC46FA2}.Debug|Any CPU.ActiveCfg = Debug|Any CPU
		{239BFBCB-F408-45D6-9210-5F719BC46FA2}.Debug|Any CPU.Build.0 = Debug|Any CPU
		{239BFBCB-F408-45D6-9210-5F719BC46FA2}.Debug|x64.ActiveCfg = Debug|Any CPU
		{239BFBCB-F408-45D6-9210-5F719BC46FA2}.Debug|x64.Build.0 = Debug|Any CPU
		{239BFBCB-F408-45D6-9210-5F719BC46FA2}.Debug|x86.ActiveCfg = Debug|Any CPU
		{239BFBCB-F408-45D6-9210-5F719BC46FA2}.Debug|x86.Build.0 = Debug|Any CPU
		{239BFBCB-F408-45D6-9210-5F719BC46FA2}.Release|Any CPU.ActiveCfg = Release|Any CPU
		{239BFBCB-F408-45D6-9210-5F719BC46FA2}.Release|Any CPU.Build.0 = Release|Any CPU
		{239BFBCB-F408-45D6-9210-5F719BC46FA2}.Release|x64.ActiveCfg = Release|Any CPU
		{239BFBCB-F408-45D6-9210-5F719BC46FA2}.Release|x64.Build.0 = Release|Any CPU
		{239BFBCB-F408-45D6-9210-5F719BC46FA2}.Release|x86.ActiveCfg = Release|Any CPU
		{239BFBCB-F408-45D6-9210-5F719BC46FA2}.Release|x86.Build.0 = Release|Any CPU
	EndGlobalSection
	GlobalSection(NestedProjects) = preSolution
		{2AF88258-710C-4184-B69A-6875515D365E} = {6DD0110C-A435-4149-A324-0D53AC32AC8B}
		{EC857239-419A-40DD-862D-62C128C58BB3} = {6DD0110C-A435-4149-A324-0D53AC32AC8B}
		{239BFBCB-F408-45D6-9210-5F719BC46FA2} = {B390144D-BB03-44FF-B4E2-382A881664E0}
	EndGlobalSection
EndGlobal
