
Microsoft Visual Studio Solution File, Format Version 12.00
# Visual Studio 15
VisualStudioVersion = 15.0.26124.0
MinimumVisualStudioVersion = 15.0.26124.0
Project("{FAE04EC0-301F-11D3-BF4B-00C04F79EFBC}") = "ApiGateway", "ApiGateway\ApiGateway.csproj", "{40F414D7-5B13-4AB3-A14E-DF38A801DC02}"
EndProject
Project("{FAE04EC0-301F-11D3-BF4B-00C04F79EFBC}") = "Chat.Api", "Chat.Api\Chat.Api.csproj", "{36ACF745-B2F1-4177-9202-1F238141CA16}"
EndProject
Project("{FAE04EC0-301F-11D3-BF4B-00C04F79EFBC}") = "Message.Api", "Message.Api\Message.Api.csproj", "{32443DD6-3258-4529-BB5E-D81506BDDD8D}"
EndProject
Project("{FAE04EC0-301F-11D3-BF4B-00C04F79EFBC}") = "Person.Api", "Person.Api\Person.Api.csproj", "{C41BC1ED-108C-48F9-ABA3-D8FB5E68D569}"
EndProject
Project("{FAE04EC0-301F-11D3-BF4B-00C04F79EFBC}") = "Register.Api", "Register.Api\Register.Api.csproj", "{6CA09C68-7E50-4514-A258-80FD3C287645}"
EndProject
Global
	GlobalSection(SolutionConfigurationPlatforms) = preSolution
		Debug|Any CPU = Debug|Any CPU
		Debug|x64 = Debug|x64
		Debug|x86 = Debug|x86
		Release|Any CPU = Release|Any CPU
		Release|x64 = Release|x64
		Release|x86 = Release|x86
	EndGlobalSection
	GlobalSection(SolutionProperties) = preSolution
		HideSolutionNode = FALSE
	EndGlobalSection
	GlobalSection(ProjectConfigurationPlatforms) = postSolution
		{40F414D7-5B13-4AB3-A14E-DF38A801DC02}.Debug|Any CPU.ActiveCfg = Debug|Any CPU
		{40F414D7-5B13-4AB3-A14E-DF38A801DC02}.Debug|Any CPU.Build.0 = Debug|Any CPU
		{40F414D7-5B13-4AB3-A14E-DF38A801DC02}.Debug|x64.ActiveCfg = Debug|Any CPU
		{40F414D7-5B13-4AB3-A14E-DF38A801DC02}.Debug|x64.Build.0 = Debug|Any CPU
		{40F414D7-5B13-4AB3-A14E-DF38A801DC02}.Debug|x86.ActiveCfg = Debug|Any CPU
		{40F414D7-5B13-4AB3-A14E-DF38A801DC02}.Debug|x86.Build.0 = Debug|Any CPU
		{40F414D7-5B13-4AB3-A14E-DF38A801DC02}.Release|Any CPU.ActiveCfg = Release|Any CPU
		{40F414D7-5B13-4AB3-A14E-DF38A801DC02}.Release|Any CPU.Build.0 = Release|Any CPU
		{40F414D7-5B13-4AB3-A14E-DF38A801DC02}.Release|x64.ActiveCfg = Release|Any CPU
		{40F414D7-5B13-4AB3-A14E-DF38A801DC02}.Release|x64.Build.0 = Release|Any CPU
		{40F414D7-5B13-4AB3-A14E-DF38A801DC02}.Release|x86.ActiveCfg = Release|Any CPU
		{40F414D7-5B13-4AB3-A14E-DF38A801DC02}.Release|x86.Build.0 = Release|Any CPU
		{36ACF745-B2F1-4177-9202-1F238141CA16}.Debug|Any CPU.ActiveCfg = Debug|Any CPU
		{36ACF745-B2F1-4177-9202-1F238141CA16}.Debug|Any CPU.Build.0 = Debug|Any CPU
		{36ACF745-B2F1-4177-9202-1F238141CA16}.Debug|x64.ActiveCfg = Debug|Any CPU
		{36ACF745-B2F1-4177-9202-1F238141CA16}.Debug|x64.Build.0 = Debug|Any CPU
		{36ACF745-B2F1-4177-9202-1F238141CA16}.Debug|x86.ActiveCfg = Debug|Any CPU
		{36ACF745-B2F1-4177-9202-1F238141CA16}.Debug|x86.Build.0 = Debug|Any CPU
		{36ACF745-B2F1-4177-9202-1F238141CA16}.Release|Any CPU.ActiveCfg = Release|Any CPU
		{36ACF745-B2F1-4177-9202-1F238141CA16}.Release|Any CPU.Build.0 = Release|Any CPU
		{36ACF745-B2F1-4177-9202-1F238141CA16}.Release|x64.ActiveCfg = Release|Any CPU
		{36ACF745-B2F1-4177-9202-1F238141CA16}.Release|x64.Build.0 = Release|Any CPU
		{36ACF745-B2F1-4177-9202-1F238141CA16}.Release|x86.ActiveCfg = Release|Any CPU
		{36ACF745-B2F1-4177-9202-1F238141CA16}.Release|x86.Build.0 = Release|Any CPU
		{32443DD6-3258-4529-BB5E-D81506BDDD8D}.Debug|Any CPU.ActiveCfg = Debug|Any CPU
		{32443DD6-3258-4529-BB5E-D81506BDDD8D}.Debug|Any CPU.Build.0 = Debug|Any CPU
		{32443DD6-3258-4529-BB5E-D81506BDDD8D}.Debug|x64.ActiveCfg = Debug|Any CPU
		{32443DD6-3258-4529-BB5E-D81506BDDD8D}.Debug|x64.Build.0 = Debug|Any CPU
		{32443DD6-3258-4529-BB5E-D81506BDDD8D}.Debug|x86.ActiveCfg = Debug|Any CPU
		{32443DD6-3258-4529-BB5E-D81506BDDD8D}.Debug|x86.Build.0 = Debug|Any CPU
		{32443DD6-3258-4529-BB5E-D81506BDDD8D}.Release|Any CPU.ActiveCfg = Release|Any CPU
		{32443DD6-3258-4529-BB5E-D81506BDDD8D}.Release|Any CPU.Build.0 = Release|Any CPU
		{32443DD6-3258-4529-BB5E-D81506BDDD8D}.Release|x64.ActiveCfg = Release|Any CPU
		{32443DD6-3258-4529-BB5E-D81506BDDD8D}.Release|x64.Build.0 = Release|Any CPU
		{32443DD6-3258-4529-BB5E-D81506BDDD8D}.Release|x86.ActiveCfg = Release|Any CPU
		{32443DD6-3258-4529-BB5E-D81506BDDD8D}.Release|x86.Build.0 = Release|Any CPU
		{C41BC1ED-108C-48F9-ABA3-D8FB5E68D569}.Debug|Any CPU.ActiveCfg = Debug|Any CPU
		{C41BC1ED-108C-48F9-ABA3-D8FB5E68D569}.Debug|Any CPU.Build.0 = Debug|Any CPU
		{C41BC1ED-108C-48F9-ABA3-D8FB5E68D569}.Debug|x64.ActiveCfg = Debug|Any CPU
		{C41BC1ED-108C-48F9-ABA3-D8FB5E68D569}.Debug|x64.Build.0 = Debug|Any CPU
		{C41BC1ED-108C-48F9-ABA3-D8FB5E68D569}.Debug|x86.ActiveCfg = Debug|Any CPU
		{C41BC1ED-108C-48F9-ABA3-D8FB5E68D569}.Debug|x86.Build.0 = Debug|Any CPU
		{C41BC1ED-108C-48F9-ABA3-D8FB5E68D569}.Release|Any CPU.ActiveCfg = Release|Any CPU
		{C41BC1ED-108C-48F9-ABA3-D8FB5E68D569}.Release|Any CPU.Build.0 = Release|Any CPU
		{C41BC1ED-108C-48F9-ABA3-D8FB5E68D569}.Release|x64.ActiveCfg = Release|Any CPU
		{C41BC1ED-108C-48F9-ABA3-D8FB5E68D569}.Release|x64.Build.0 = Release|Any CPU
		{C41BC1ED-108C-48F9-ABA3-D8FB5E68D569}.Release|x86.ActiveCfg = Release|Any CPU
		{C41BC1ED-108C-48F9-ABA3-D8FB5E68D569}.Release|x86.Build.0 = Release|Any CPU
		{6CA09C68-7E50-4514-A258-80FD3C287645}.Debug|Any CPU.ActiveCfg = Debug|Any CPU
		{6CA09C68-7E50-4514-A258-80FD3C287645}.Debug|Any CPU.Build.0 = Debug|Any CPU
		{6CA09C68-7E50-4514-A258-80FD3C287645}.Debug|x64.ActiveCfg = Debug|Any CPU
		{6CA09C68-7E50-4514-A258-80FD3C287645}.Debug|x64.Build.0 = Debug|Any CPU
		{6CA09C68-7E50-4514-A258-80FD3C287645}.Debug|x86.ActiveCfg = Debug|Any CPU
		{6CA09C68-7E50-4514-A258-80FD3C287645}.Debug|x86.Build.0 = Debug|Any CPU
		{6CA09C68-7E50-4514-A258-80FD3C287645}.Release|Any CPU.ActiveCfg = Release|Any CPU
		{6CA09C68-7E50-4514-A258-80FD3C287645}.Release|Any CPU.Build.0 = Release|Any CPU
		{6CA09C68-7E50-4514-A258-80FD3C287645}.Release|x64.ActiveCfg = Release|Any CPU
		{6CA09C68-7E50-4514-A258-80FD3C287645}.Release|x64.Build.0 = Release|Any CPU
		{6CA09C68-7E50-4514-A258-80FD3C287645}.Release|x86.ActiveCfg = Release|Any CPU
		{6CA09C68-7E50-4514-A258-80FD3C287645}.Release|x86.Build.0 = Release|Any CPU
	EndGlobalSection
EndGlobal
